
Microsoft Visual Studio Solution File, Format Version 12.00
# Visual Studio Version 16
VisualStudioVersion = 16.0.32126.315
MinimumVisualStudioVersion = 10.0.40219.1
Project("{8BC9CEB8-8B4A-11D0-8D11-00A0C91BC942}") = "АИСД ЛР3", "АИСД ЛР3\АИСД ЛР3.vcxproj", "{B0FDD51F-DC3E-4171-88A4-59080D8021E1}"
EndProject
Global
	GlobalSection(SolutionConfigurationPlatforms) = preSolution
		Debug|x64 = Debug|x64
		Debug|x86 = Debug|x86
		Release|x64 = Release|x64
		Release|x86 = Release|x86
	EndGlobalSection
	GlobalSection(ProjectConfigurationPlatforms) = postSolution
		{B0FDD51F-DC3E-4171-88A4-59080D8021E1}.Debug|x64.ActiveCfg = Debug|x64
		{B0FDD51F-DC3E-4171-88A4-59080D8021E1}.Debug|x64.Build.0 = Debug|x64
		{B0FDD51F-DC3E-4171-88A4-59080D8021E1}.Debug|x86.ActiveCfg = Debug|Win32
		{B0FDD51F-DC3E-4171-88A4-59080D8021E1}.Debug|x86.Build.0 = Debug|Win32
		{B0FDD51F-DC3E-4171-88A4-59080D8021E1}.Release|x64.ActiveCfg = Release|x64
		{B0FDD51F-DC3E-4171-88A4-59080D8021E1}.Release|x64.Build.0 = Release|x64
		{B0FDD51F-DC3E-4171-88A4-59080D8021E1}.Release|x86.ActiveCfg = Release|Win32
		{B0FDD51F-DC3E-4171-88A4-59080D8021E1}.Release|x86.Build.0 = Release|Win32
	EndGlobalSection
	GlobalSection(SolutionProperties) = preSolution
		HideSolutionNode = FALSE
	EndGlobalSection
	GlobalSection(ExtensibilityGlobals) = postSolution
		SolutionGuid = {48C3F981-6EEC-41A0-ACA2-366CE996A7FB}
	EndGlobalSection
EndGlobal
