
Microsoft Visual Studio Solution File, Format Version 12.00
# Visual Studio Version 17
VisualStudioVersion = 17.4.33205.214
MinimumVisualStudioVersion = 10.0.40219.1
Project("{FAE04EC0-301F-11D3-BF4B-00C04F79EFBC}") = "InfoLab7", "InfoLab7\InfoLab7.csproj", "{87CDAD0A-E52E-491D-AF50-C77E4E88A023}"
EndProject
Global
	GlobalSection(SolutionConfigurationPlatforms) = preSolution
		Debug|Any CPU = Debug|Any CPU
		Release|Any CPU = Release|Any CPU
	EndGlobalSection
	GlobalSection(ProjectConfigurationPlatforms) = postSolution
		{87CDAD0A-E52E-491D-AF50-C77E4E88A023}.Debug|Any CPU.ActiveCfg = Debug|Any CPU
		{87CDAD0A-E52E-491D-AF50-C77E4E88A023}.Debug|Any CPU.Build.0 = Debug|Any CPU
		{87CDAD0A-E52E-491D-AF50-C77E4E88A023}.Release|Any CPU.ActiveCfg = Release|Any CPU
		{87CDAD0A-E52E-491D-AF50-C77E4E88A023}.Release|Any CPU.Build.0 = Release|Any CPU
	EndGlobalSection
	GlobalSection(SolutionProperties) = preSolution
		HideSolutionNode = FALSE
	EndGlobalSection
	GlobalSection(ExtensibilityGlobals) = postSolution
		SolutionGuid = {70A5CDB7-3EBE-4C71-8994-8147ABFA497D}
	EndGlobalSection
EndGlobal
