
Microsoft Visual Studio Solution File, Format Version 12.00
# Visual Studio Version 17
VisualStudioVersion = 17.4.33205.214
MinimumVisualStudioVersion = 10.0.40219.1
Project("{FAE04EC0-301F-11D3-BF4B-00C04F79EFBC}") = "Alg_Lab4", "Alg_Lab4\Alg_Lab4.csproj", "{496FC194-8582-4008-A0FF-D5A465B32AC4}"
EndProject
Global
	GlobalSection(SolutionConfigurationPlatforms) = preSolution
		Debug|Any CPU = Debug|Any CPU
		Release|Any CPU = Release|Any CPU
	EndGlobalSection
	GlobalSection(ProjectConfigurationPlatforms) = postSolution
		{496FC194-8582-4008-A0FF-D5A465B32AC4}.Debug|Any CPU.ActiveCfg = Debug|Any CPU
		{496FC194-8582-4008-A0FF-D5A465B32AC4}.Debug|Any CPU.Build.0 = Debug|Any CPU
		{496FC194-8582-4008-A0FF-D5A465B32AC4}.Release|Any CPU.ActiveCfg = Release|Any CPU
		{496FC194-8582-4008-A0FF-D5A465B32AC4}.Release|Any CPU.Build.0 = Release|Any CPU
	EndGlobalSection
	GlobalSection(SolutionProperties) = preSolution
		HideSolutionNode = FALSE
	EndGlobalSection
	GlobalSection(ExtensibilityGlobals) = postSolution
		SolutionGuid = {A9F8CEDB-DD88-4A32-8B8C-A4E0C82AEEB1}
	EndGlobalSection
EndGlobal
