
Microsoft Visual Studio Solution File, Format Version 12.00
# Visual Studio Version 17
VisualStudioVersion = 17.4.33205.214
MinimumVisualStudioVersion = 10.0.40219.1
Project("{FAE04EC0-301F-11D3-BF4B-00C04F79EFBC}") = "Coding_Lab5", "Coding_Lab5\Coding_Lab5.csproj", "{D9BEA4F9-8718-4066-9BA0-EB361D453464}"
EndProject
Global
	GlobalSection(SolutionConfigurationPlatforms) = preSolution
		Debug|Any CPU = Debug|Any CPU
		Release|Any CPU = Release|Any CPU
	EndGlobalSection
	GlobalSection(ProjectConfigurationPlatforms) = postSolution
		{D9BEA4F9-8718-4066-9BA0-EB361D453464}.Debug|Any CPU.ActiveCfg = Debug|Any CPU
		{D9BEA4F9-8718-4066-9BA0-EB361D453464}.Debug|Any CPU.Build.0 = Debug|Any CPU
		{D9BEA4F9-8718-4066-9BA0-EB361D453464}.Release|Any CPU.ActiveCfg = Release|Any CPU
		{D9BEA4F9-8718-4066-9BA0-EB361D453464}.Release|Any CPU.Build.0 = Release|Any CPU
	EndGlobalSection
	GlobalSection(SolutionProperties) = preSolution
		HideSolutionNode = FALSE
	EndGlobalSection
	GlobalSection(ExtensibilityGlobals) = postSolution
		SolutionGuid = {86AC5753-CBBC-4269-9582-D98838A44A12}
	EndGlobalSection
EndGlobal
