
Microsoft Visual Studio Solution File, Format Version 12.00
# Visual Studio Version 17
VisualStudioVersion = 17.4.33205.214
MinimumVisualStudioVersion = 10.0.40219.1
Project("{FAE04EC0-301F-11D3-BF4B-00C04F79EFBC}") = "InfoLab3", "InfoLab3\InfoLab3.csproj", "{26BDF6C4-0423-4479-BCC9-F9939AF0017B}"
EndProject
Global
	GlobalSection(SolutionConfigurationPlatforms) = preSolution
		Debug|Any CPU = Debug|Any CPU
		Release|Any CPU = Release|Any CPU
	EndGlobalSection
	GlobalSection(ProjectConfigurationPlatforms) = postSolution
		{26BDF6C4-0423-4479-BCC9-F9939AF0017B}.Debug|Any CPU.ActiveCfg = Debug|Any CPU
		{26BDF6C4-0423-4479-BCC9-F9939AF0017B}.Debug|Any CPU.Build.0 = Debug|Any CPU
		{26BDF6C4-0423-4479-BCC9-F9939AF0017B}.Release|Any CPU.ActiveCfg = Release|Any CPU
		{26BDF6C4-0423-4479-BCC9-F9939AF0017B}.Release|Any CPU.Build.0 = Release|Any CPU
	EndGlobalSection
	GlobalSection(SolutionProperties) = preSolution
		HideSolutionNode = FALSE
	EndGlobalSection
	GlobalSection(ExtensibilityGlobals) = postSolution
		SolutionGuid = {36E51816-FDC0-4786-848B-9C43702B9839}
	EndGlobalSection
EndGlobal
