
Microsoft Visual Studio Solution File, Format Version 12.00
# Visual Studio Version 17
VisualStudioVersion = 17.4.33205.214
MinimumVisualStudioVersion = 10.0.40219.1
Project("{FAE04EC0-301F-11D3-BF4B-00C04F79EFBC}") = "CS_Lab6", "CS_Lab6\CS_Lab6.csproj", "{8A37E891-8DCA-4114-8902-81ECEBB9B211}"
EndProject
Global
	GlobalSection(SolutionConfigurationPlatforms) = preSolution
		Debug|Any CPU = Debug|Any CPU
		Release|Any CPU = Release|Any CPU
	EndGlobalSection
	GlobalSection(ProjectConfigurationPlatforms) = postSolution
		{8A37E891-8DCA-4114-8902-81ECEBB9B211}.Debug|Any CPU.ActiveCfg = Debug|Any CPU
		{8A37E891-8DCA-4114-8902-81ECEBB9B211}.Debug|Any CPU.Build.0 = Debug|Any CPU
		{8A37E891-8DCA-4114-8902-81ECEBB9B211}.Release|Any CPU.ActiveCfg = Release|Any CPU
		{8A37E891-8DCA-4114-8902-81ECEBB9B211}.Release|Any CPU.Build.0 = Release|Any CPU
	EndGlobalSection
	GlobalSection(SolutionProperties) = preSolution
		HideSolutionNode = FALSE
	EndGlobalSection
	GlobalSection(ExtensibilityGlobals) = postSolution
		SolutionGuid = {0DBD9943-6F78-40C4-A372-C06F1D7F2ACE}
	EndGlobalSection
EndGlobal
