
Microsoft Visual Studio Solution File, Format Version 12.00
# Visual Studio Version 17
VisualStudioVersion = 17.4.33205.214
MinimumVisualStudioVersion = 10.0.40219.1
Project("{FAE04EC0-301F-11D3-BF4B-00C04F79EFBC}") = "CS_Lab2", "CS_Lab2\CS_Lab2.csproj", "{C19BF51D-54F6-45A2-817C-FDA09C39CC40}"
EndProject
Global
	GlobalSection(SolutionConfigurationPlatforms) = preSolution
		Debug|Any CPU = Debug|Any CPU
		Release|Any CPU = Release|Any CPU
	EndGlobalSection
	GlobalSection(ProjectConfigurationPlatforms) = postSolution
		{C19BF51D-54F6-45A2-817C-FDA09C39CC40}.Debug|Any CPU.ActiveCfg = Debug|Any CPU
		{C19BF51D-54F6-45A2-817C-FDA09C39CC40}.Debug|Any CPU.Build.0 = Debug|Any CPU
		{C19BF51D-54F6-45A2-817C-FDA09C39CC40}.Release|Any CPU.ActiveCfg = Release|Any CPU
		{C19BF51D-54F6-45A2-817C-FDA09C39CC40}.Release|Any CPU.Build.0 = Release|Any CPU
	EndGlobalSection
	GlobalSection(SolutionProperties) = preSolution
		HideSolutionNode = FALSE
	EndGlobalSection
	GlobalSection(ExtensibilityGlobals) = postSolution
		SolutionGuid = {5D9CAFFE-4B54-4270-8033-92B13D94F962}
	EndGlobalSection
EndGlobal
